
Microsoft Visual Studio Solution File, Format Version 12.00
# Visual Studio Version 17
VisualStudioVersion = 17.5.002.0
MinimumVisualStudioVersion = 10.0.40219.1
Project("{9A19103F-16F7-4668-BE54-9A1E7A4F7556}") = "findMin", "findMin.csproj", "{10C95FD2-3E40-4DE7-9284-FE3D2C4B86A7}"
EndProject
Global
	GlobalSection(SolutionConfigurationPlatforms) = preSolution
		Debug|Any CPU = Debug|Any CPU
		Release|Any CPU = Release|Any CPU
	EndGlobalSection
	GlobalSection(ProjectConfigurationPlatforms) = postSolution
		{10C95FD2-3E40-4DE7-9284-FE3D2C4B86A7}.Debug|Any CPU.ActiveCfg = Debug|Any CPU
		{10C95FD2-3E40-4DE7-9284-FE3D2C4B86A7}.Debug|Any CPU.Build.0 = Debug|Any CPU
		{10C95FD2-3E40-4DE7-9284-FE3D2C4B86A7}.Release|Any CPU.ActiveCfg = Release|Any CPU
		{10C95FD2-3E40-4DE7-9284-FE3D2C4B86A7}.Release|Any CPU.Build.0 = Release|Any CPU
	EndGlobalSection
	GlobalSection(SolutionProperties) = preSolution
		HideSolutionNode = FALSE
	EndGlobalSection
	GlobalSection(ExtensibilityGlobals) = postSolution
		SolutionGuid = {C980E4C1-9BFE-4D3E-8CCA-90D7CF9CA75E}
	EndGlobalSection
EndGlobal
